
Microsoft Visual Studio Solution File, Format Version 12.00
Project("{FAE04EC0-301F-11D3-BF4B-00C04F79EFBC}") = "Brutus", "Brutus\Brutus.csproj", "{A66CAF4C-C365-4DFA-9351-BC1D633C2969}"
EndProject
Project("{FAE04EC0-301F-11D3-BF4B-00C04F79EFBC}") = "Brutus.Shared", "Brutus.Shared\Brutus.Shared.csproj", "{719843CB-8714-41FE-85E2-D063D88BC5C3}"
EndProject
Project("{2150E333-8FDC-42A3-9474-1A3956D46DE8}") = "Docs", "Docs", "{BEBE0A93-2A3A-4A3F-80E2-89D14EE7AE52}"
ProjectSection(SolutionItems) = preProject
	LICENSE = LICENSE
	README.md = README.md
EndProjectSection
EndProject
Global
	GlobalSection(SolutionConfigurationPlatforms) = preSolution
		Debug|Any CPU = Debug|Any CPU
		Release|Any CPU = Release|Any CPU
	EndGlobalSection
	GlobalSection(ProjectConfigurationPlatforms) = postSolution
		{A66CAF4C-C365-4DFA-9351-BC1D633C2969}.Debug|Any CPU.ActiveCfg = Debug|Any CPU
		{A66CAF4C-C365-4DFA-9351-BC1D633C2969}.Debug|Any CPU.Build.0 = Debug|Any CPU
		{A66CAF4C-C365-4DFA-9351-BC1D633C2969}.Release|Any CPU.ActiveCfg = Release|Any CPU
		{A66CAF4C-C365-4DFA-9351-BC1D633C2969}.Release|Any CPU.Build.0 = Release|Any CPU
		{719843CB-8714-41FE-85E2-D063D88BC5C3}.Debug|Any CPU.ActiveCfg = Debug|Any CPU
		{719843CB-8714-41FE-85E2-D063D88BC5C3}.Debug|Any CPU.Build.0 = Debug|Any CPU
		{719843CB-8714-41FE-85E2-D063D88BC5C3}.Release|Any CPU.ActiveCfg = Release|Any CPU
		{719843CB-8714-41FE-85E2-D063D88BC5C3}.Release|Any CPU.Build.0 = Release|Any CPU
	EndGlobalSection
EndGlobal
